// !$*UTF8*$!
{
	archiveVersion = 1;
	classes = {
	};
	objectVersion = 77;
	objects = {

/* Begin PBXBuildFile section */
		D15000000000000000000020 /* DisciplineCore in Frameworks */ = {isa = PBXBuildFile; productRef = D1500000000000000000001B /* DisciplineCore */; };
		D15000000000000000000021 /* FirebaseAuth in Frameworks */ = {isa = PBXBuildFile; productRef = D1500000000000000000001C /* FirebaseAuth */; };
		D15000000000000000000022 /* FirebaseFirestore in Frameworks */ = {isa = PBXBuildFile; productRef = D1500000000000000000001D /* FirebaseFirestore */; };
		D15000000000000000000023 /* FirebaseStorage in Frameworks */ = {isa = PBXBuildFile; productRef = D1500000000000000000001E /* FirebaseStorage */; };
		D15000000000000000000024 /* FirebaseFunctions in Frameworks */ = {isa = PBXBuildFile; productRef = D1500000000000000000001F /* FirebaseFunctions */; };
		D1500000000000000000003C /* DisciplineCore in Frameworks */ = {isa = PBXBuildFile; productRef = D1500000000000000000003B /* DisciplineCore */; };
		D1500000000000000000003D /* DisciplineWidget.appex in Embed Foundation Extensions */ = {isa = PBXBuildFile; fileRef = D15000000000000000000030 /* DisciplineWidget.appex */; settings = {ATTRIBUTES = (RemoveHeadersOnCopy, ); }; };
/* End PBXBuildFile section */

/* Begin PBXContainerItemProxy section */
		D1500000000000000000002B /* PBXContainerItemProxy */ = {
			isa = PBXContainerItemProxy;
			containerPortal = D1500000000000000000000A /* Project object */;
			proxyType = 1;
			remoteGlobalIDString = D1500000000000000000000F;
			remoteInfo = Discipline;
		};
		D1500000000000000000003F /* PBXContainerItemProxy */ = {
			isa = PBXContainerItemProxy;
			containerPortal = D1500000000000000000000A /* Project object */;
			proxyType = 1;
			remoteGlobalIDString = D15000000000000000000034;
			remoteInfo = DisciplineWidget;
		};
/* End PBXContainerItemProxy section */

/* Begin PBXCopyFilesBuildPhase section */
		D1500000000000000000003E /* Embed Foundation Extensions */ = {
			isa = PBXCopyFilesBuildPhase;
			buildActionMask = 2147483647;
			dstPath = "";
			dstSubfolderSpec = 13;
			files = (
				D1500000000000000000003D /* DisciplineWidget.appex in Embed Foundation Extensions */,
			);
			name = "Embed Foundation Extensions";
			runOnlyForDeploymentPostprocessing = 0;
		};
/* End PBXCopyFilesBuildPhase section */

/* Begin PBXFileReference section */
		D1500000000000000000000D /* Discipline.app */ = {isa = PBXFileReference; explicitFileType = wrapper.application; includeInIndex = 0; path = Discipline.app; sourceTree = BUILT_PRODUCTS_DIR; };
		D15000000000000000000025 /* DisciplineUITests.xctest */ = {isa = PBXFileReference; explicitFileType = wrapper.cfbundle; includeInIndex = 0; path = DisciplineUITests.xctest; sourceTree = BUILT_PRODUCTS_DIR; };
		D15000000000000000000030 /* DisciplineWidget.appex */ = {isa = PBXFileReference; explicitFileType = "wrapper.app-extension"; includeInIndex = 0; path = DisciplineWidget.appex; sourceTree = BUILT_PRODUCTS_DIR; };
/* End PBXFileReference section */

/* Begin PBXFileSystemSynchronizedBuildFileExceptionSet section */
		D15000000000000000000033 /* Exceptions for "Discipline" folder in "Discipline" target */ = {
			isa = PBXFileSystemSynchronizedBuildFileExceptionSet;
			membershipExceptions = (
				Discipline.entitlements,
			);
			target = D1500000000000000000000F /* Discipline */;
		};
		D15000000000000000000032 /* Exceptions for "DisciplineWidget" folder in "DisciplineWidget" target */ = {
			isa = PBXFileSystemSynchronizedBuildFileExceptionSet;
			membershipExceptions = (
				DisciplineWidget.entitlements,
				Info.plist,
			);
			target = D15000000000000000000034 /* DisciplineWidget */;
		};
/* End PBXFileSystemSynchronizedBuildFileExceptionSet section */

/* Begin PBXFileSystemSynchronizedRootGroup section */
		D1500000000000000000000E /* Discipline */ = {
			isa = PBXFileSystemSynchronizedRootGroup;
			exceptions = (
				D15000000000000000000033 /* Exceptions for "Discipline" folder in "Discipline" target */,
			);
			path = Discipline;
			sourceTree = "<group>";
		};
		D15000000000000000000026 /* DisciplineUITests */ = {
			isa = PBXFileSystemSynchronizedRootGroup;
			path = DisciplineUITests;
			sourceTree = "<group>";
		};
		D15000000000000000000031 /* DisciplineWidget */ = {
			isa = PBXFileSystemSynchronizedRootGroup;
			exceptions = (
				D15000000000000000000032 /* Exceptions for "DisciplineWidget" folder in "DisciplineWidget" target */,
			);
			path = DisciplineWidget;
			sourceTree = "<group>";
		};
/* End PBXFileSystemSynchronizedRootGroup section */

/* Begin PBXFrameworksBuildPhase section */
		D15000000000000000000011 /* Frameworks */ = {
			isa = PBXFrameworksBuildPhase;
			buildActionMask = 2147483647;
			files = (
				D15000000000000000000020 /* DisciplineCore in Frameworks */,
				D15000000000000000000021 /* FirebaseAuth in Frameworks */,
				D15000000000000000000022 /* FirebaseFirestore in Frameworks */,
				D15000000000000000000023 /* FirebaseStorage in Frameworks */,
				D15000000000000000000024 /* FirebaseFunctions in Frameworks */,
			);
			runOnlyForDeploymentPostprocessing = 0;
		};
		D15000000000000000000029 /* Frameworks */ = {
			isa = PBXFrameworksBuildPhase;
			buildActionMask = 2147483647;
			files = (
			);
			runOnlyForDeploymentPostprocessing = 0;
		};
		D15000000000000000000036 /* Frameworks */ = {
			isa = PBXFrameworksBuildPhase;
			buildActionMask = 2147483647;
			files = (
				D1500000000000000000003C /* DisciplineCore in Frameworks */,
			);
			runOnlyForDeploymentPostprocessing = 0;
		};
/* End PBXFrameworksBuildPhase section */

/* Begin PBXGroup section */
		D1500000000000000000000B = {
			isa = PBXGroup;
			children = (
				D1500000000000000000000E /* Discipline */,
				D15000000000000000000031 /* DisciplineWidget */,
				D15000000000000000000026 /* DisciplineUITests */,
				D1500000000000000000000C /* Products */,
			);
			sourceTree = "<group>";
		};
		D1500000000000000000000C /* Products */ = {
			isa = PBXGroup;
			children = (
				D1500000000000000000000D /* Discipline.app */,
				D15000000000000000000025 /* DisciplineUITests.xctest */,
				D15000000000000000000030 /* DisciplineWidget.appex */,
			);
			name = Products;
			sourceTree = "<group>";
		};
/* End PBXGroup section */

/* Begin PBXNativeTarget section */
		D1500000000000000000000F /* Discipline */ = {
			isa = PBXNativeTarget;
			buildConfigurationList = D15000000000000000000014 /* Build configuration list for PBXNativeTarget "Discipline" */;
			buildPhases = (
				D15000000000000000000010 /* Sources */,
				D15000000000000000000011 /* Frameworks */,
				D15000000000000000000012 /* Resources */,
				D1500000000000000000003E /* Embed Foundation Extensions */,
			);
			buildRules = (
			);
			dependencies = (
				D15000000000000000000040 /* PBXTargetDependency */,
			);
			fileSystemSynchronizedGroups = (
				D1500000000000000000000E /* Discipline */,
			);
			name = Discipline;
			packageProductDependencies = (
				D1500000000000000000001B /* DisciplineCore */,
				D1500000000000000000001C /* FirebaseAuth */,
				D1500000000000000000001D /* FirebaseFirestore */,
				D1500000000000000000001E /* FirebaseStorage */,
				D1500000000000000000001F /* FirebaseFunctions */,
			);
			productName = Discipline;
			productReference = D1500000000000000000000D /* Discipline.app */;
			productType = "com.apple.product-type.application";
		};
		D15000000000000000000027 /* DisciplineUITests */ = {
			isa = PBXNativeTarget;
			buildConfigurationList = D1500000000000000000002D /* Build configuration list for PBXNativeTarget "DisciplineUITests" */;
			buildPhases = (
				D15000000000000000000028 /* Sources */,
				D15000000000000000000029 /* Frameworks */,
				D1500000000000000000002A /* Resources */,
			);
			buildRules = (
			);
			dependencies = (
				D1500000000000000000002C /* PBXTargetDependency */,
			);
			fileSystemSynchronizedGroups = (
				D15000000000000000000026 /* DisciplineUITests */,
			);
			name = DisciplineUITests;
			packageProductDependencies = (
			);
			productName = DisciplineUITests;
			productReference = D15000000000000000000025 /* DisciplineUITests.xctest */;
			productType = "com.apple.product-type.bundle.ui-testing";
		};
		D15000000000000000000034 /* DisciplineWidget */ = {
			isa = PBXNativeTarget;
			buildConfigurationList = D15000000000000000000038 /* Build configuration list for PBXNativeTarget "DisciplineWidget" */;
			buildPhases = (
				D15000000000000000000035 /* Sources */,
				D15000000000000000000036 /* Frameworks */,
				D15000000000000000000037 /* Resources */,
			);
			buildRules = (
			);
			dependencies = (
			);
			fileSystemSynchronizedGroups = (
				D15000000000000000000031 /* DisciplineWidget */,
			);
			name = DisciplineWidget;
			packageProductDependencies = (
				D1500000000000000000003B /* DisciplineCore */,
			);
			productName = DisciplineWidget;
			productReference = D15000000000000000000030 /* DisciplineWidget.appex */;
			productType = "com.apple.product-type.app-extension";
		};
/* End PBXNativeTarget section */

/* Begin PBXProject section */
		D1500000000000000000000A /* Project object */ = {
			isa = PBXProject;
			attributes = {
				BuildIndependentTargetsInParallel = 1;
				LastSwiftUpdateCheck = 1600;
				LastUpgradeCheck = 1600;
				TargetAttributes = {
					D1500000000000000000000F = {
						CreatedOnToolsVersion = 16.0;
					};
					D15000000000000000000027 = {
						CreatedOnToolsVersion = 16.0;
						TestTargetID = D1500000000000000000000F;
					};
					D15000000000000000000034 = {
						CreatedOnToolsVersion = 16.0;
					};
				};
			};
			buildConfigurationList = D15000000000000000000013 /* Build configuration list for PBXProject "Discipline" */;
			developmentRegion = en;
			hasScannedForEncodings = 0;
			knownRegions = (
				en,
				Base,
			);
			mainGroup = D1500000000000000000000B;
			minimizedProjectReferenceProxies = 1;
			packageReferences = (
				D15000000000000000000019 /* XCRemoteSwiftPackageReference "firebase-ios-sdk" */,
				D1500000000000000000001A /* XCLocalSwiftPackageReference "Packages/DisciplineCore" */,
			);
			preferredProjectObjectVersion = 77;
			productRefGroup = D1500000000000000000000C /* Products */;
			projectDirPath = "";
			projectRoot = "";
			targets = (
				D1500000000000000000000F /* Discipline */,
				D15000000000000000000027 /* DisciplineUITests */,
				D15000000000000000000034 /* DisciplineWidget */,
			);
		};
/* End PBXProject section */

/* Begin PBXResourcesBuildPhase section */
		D15000000000000000000012 /* Resources */ = {
			isa = PBXResourcesBuildPhase;
			buildActionMask = 2147483647;
			files = (
			);
			runOnlyForDeploymentPostprocessing = 0;
		};
		D1500000000000000000002A /* Resources */ = {
			isa = PBXResourcesBuildPhase;
			buildActionMask = 2147483647;
			files = (
			);
			runOnlyForDeploymentPostprocessing = 0;
		};
		D15000000000000000000037 /* Resources */ = {
			isa = PBXResourcesBuildPhase;
			buildActionMask = 2147483647;
			files = (
			);
			runOnlyForDeploymentPostprocessing = 0;
		};
/* End PBXResourcesBuildPhase section */

/* Begin PBXSourcesBuildPhase section */
		D15000000000000000000010 /* Sources */ = {
			isa = PBXSourcesBuildPhase;
			buildActionMask = 2147483647;
			files = (
			);
			runOnlyForDeploymentPostprocessing = 0;
		};
		D15000000000000000000028 /* Sources */ = {
			isa = PBXSourcesBuildPhase;
			buildActionMask = 2147483647;
			files = (
			);
			runOnlyForDeploymentPostprocessing = 0;
		};
		D15000000000000000000035 /* Sources */ = {
			isa = PBXSourcesBuildPhase;
			buildActionMask = 2147483647;
			files = (
			);
			runOnlyForDeploymentPostprocessing = 0;
		};
/* End PBXSourcesBuildPhase section */

/* Begin PBXTargetDependency section */
		D1500000000000000000002C /* PBXTargetDependency */ = {
			isa = PBXTargetDependency;
			target = D1500000000000000000000F /* Discipline */;
			targetProxy = D1500000000000000000002B /* PBXContainerItemProxy */;
		};
		D15000000000000000000040 /* PBXTargetDependency */ = {
			isa = PBXTargetDependency;
			target = D15000000000000000000034 /* DisciplineWidget */;
			targetProxy = D1500000000000000000003F /* PBXContainerItemProxy */;
		};
/* End PBXTargetDependency section */

/* Begin XCBuildConfiguration section */
		D15000000000000000000015 /* Debug */ = {
			isa = XCBuildConfiguration;
			buildSettings = {
				ALWAYS_SEARCH_USER_PATHS = NO;
				ASSETCATALOG_COMPILER_GENERATE_SWIFT_ASSET_SYMBOL_EXTENSIONS = YES;
				CLANG_ANALYZER_NONNULL = YES;
				CLANG_CXX_LANGUAGE_STANDARD = "gnu++20";
				CLANG_ENABLE_MODULES = YES;
				CLANG_ENABLE_OBJC_ARC = YES;
				CLANG_WARN_BOOL_CONVERSION = YES;
				CLANG_WARN_DOCUMENTATION_COMMENTS = YES;
				CLANG_WARN_EMPTY_BODY = YES;
				CLANG_WARN_ENUM_CONVERSION = YES;
				CLANG_WARN_INFINITE_RECURSION = YES;
				CLANG_WARN_INT_CONVERSION = YES;
				CLANG_WARN_UNGUARDED_AVAILABILITY = YES_AGGRESSIVE;
				CLANG_WARN_UNREACHABLE_CODE = YES;
				COPY_PHASE_STRIP = NO;
				DEBUG_INFORMATION_FORMAT = dwarf;
				ENABLE_STRICT_OBJC_MSGSEND = YES;
				ENABLE_TESTABILITY = YES;
				ENABLE_USER_SCRIPT_SANDBOXING = YES;
				GCC_C_LANGUAGE_STANDARD = gnu17;
				GCC_DYNAMIC_NO_PIC = NO;
				GCC_NO_COMMON_BLOCKS = YES;
				GCC_OPTIMIZATION_LEVEL = 0;
				GCC_PREPROCESSOR_DEFINITIONS = (
					"DEBUG=1",
					"$(inherited)",
				);
				GCC_WARN_64_TO_32_BIT_CONVERSION = YES;
				GCC_WARN_ABOUT_RETURN_TYPE = YES_ERROR;
				GCC_WARN_UNDECLARED_SELECTOR = YES;
				GCC_WARN_UNINITIALIZED_AUTOS = YES_AGGRESSIVE;
				GCC_WARN_UNUSED_FUNCTION = YES;
				GCC_WARN_UNUSED_VARIABLE = YES;
				IPHONEOS_DEPLOYMENT_TARGET = 17.0;
				LOCALIZATION_PREFERS_STRING_CATALOGS = YES;
				MTL_ENABLE_DEBUG_INFO = INCLUDE_SOURCE;
				MTL_FAST_MATH = YES;
				ONLY_ACTIVE_ARCH = YES;
				SDKROOT = iphoneos;
				SWIFT_ACTIVE_COMPILATION_CONDITIONS = "DEBUG $(inherited)";
				SWIFT_OPTIMIZATION_LEVEL = "-Onone";
			};
			name = Debug;
		};
		D15000000000000000000016 /* Release */ = {
			isa = XCBuildConfiguration;
			buildSettings = {
				ALWAYS_SEARCH_USER_PATHS = NO;
				ASSETCATALOG_COMPILER_GENERATE_SWIFT_ASSET_SYMBOL_EXTENSIONS = YES;
				CLANG_ANALYZER_NONNULL = YES;
				CLANG_CXX_LANGUAGE_STANDARD = "gnu++20";
				CLANG_ENABLE_MODULES = YES;
				CLANG_ENABLE_OBJC_ARC = YES;
				CLANG_WARN_BOOL_CONVERSION = YES;
				CLANG_WARN_DOCUMENTATION_COMMENTS = YES;
				CLANG_WARN_EMPTY_BODY = YES;
				CLANG_WARN_ENUM_CONVERSION = YES;
				CLANG_WARN_INFINITE_RECURSION = YES;
				CLANG_WARN_INT_CONVERSION = YES;
				CLANG_WARN_UNGUARDED_AVAILABILITY = YES_AGGRESSIVE;
				CLANG_WARN_UNREACHABLE_CODE = YES;
				COPY_PHASE_STRIP = NO;
				DEBUG_INFORMATION_FORMAT = "dwarf-with-dsym";
				ENABLE_NS_ASSERTIONS = NO;
				ENABLE_STRICT_OBJC_MSGSEND = YES;
				ENABLE_USER_SCRIPT_SANDBOXING = YES;
				GCC_C_LANGUAGE_STANDARD = gnu17;
				GCC_NO_COMMON_BLOCKS = YES;
				GCC_WARN_64_TO_32_BIT_CONVERSION = YES;
				GCC_WARN_ABOUT_RETURN_TYPE = YES_ERROR;
				GCC_WARN_UNDECLARED_SELECTOR = YES;
				GCC_WARN_UNINITIALIZED_AUTOS = YES_AGGRESSIVE;
				GCC_WARN_UNUSED_FUNCTION = YES;
				GCC_WARN_UNUSED_VARIABLE = YES;
				IPHONEOS_DEPLOYMENT_TARGET = 17.0;
				LOCALIZATION_PREFERS_STRING_CATALOGS = YES;
				MTL_ENABLE_DEBUG_INFO = NO;
				MTL_FAST_MATH = YES;
				SDKROOT = iphoneos;
				SWIFT_COMPILATION_MODE = wholemodule;
				VALIDATE_PRODUCT = YES;
			};
			name = Release;
		};
		D15000000000000000000017 /* Debug */ = {
			isa = XCBuildConfiguration;
			buildSettings = {
				ASSETCATALOG_COMPILER_APPICON_NAME = AppIcon;
				ASSETCATALOG_COMPILER_GLOBAL_ACCENT_COLOR_NAME = AccentColor;
				"CODE_SIGN_ENTITLEMENTS[sdk=iphonesimulator*]" = Discipline/Discipline.entitlements;
				CODE_SIGN_STYLE = Automatic;
				CURRENT_PROJECT_VERSION = 1;
				ENABLE_PREVIEWS = YES;
				GENERATE_INFOPLIST_FILE = YES;
				INFOPLIST_KEY_CFBundleDisplayName = Discipline;
				INFOPLIST_KEY_LSApplicationCategoryType = "public.app-category.healthcare-fitness";
				INFOPLIST_KEY_NSCameraUsageDescription = "Discipline uses the camera to capture habit evidence photos and to count exercise repetitions on your device during accountability tasks. Camera frames used for repetition counting are never uploaded.";
				INFOPLIST_KEY_UIApplicationSceneManifest_Generation = YES;
				INFOPLIST_KEY_UIApplicationSupportsIndirectInputEvents = YES;
				INFOPLIST_KEY_UILaunchScreen_Generation = YES;
				INFOPLIST_KEY_UISupportedInterfaceOrientations_iPhone = UIInterfaceOrientationPortrait;
				LD_RUNPATH_SEARCH_PATHS = (
					"$(inherited)",
					"@executable_path/Frameworks",
				);
				MARKETING_VERSION = 1.0;
				OTHER_LDFLAGS = "-ObjC";
				PRODUCT_BUNDLE_IDENTIFIER = com.eltonruhani.discipline;
				PRODUCT_NAME = "$(TARGET_NAME)";
				SUPPORTED_PLATFORMS = "iphoneos iphonesimulator";
				SUPPORTS_MACCATALYST = NO;
				SUPPORTS_MAC_DESIGNED_FOR_IPHONE_IPAD = NO;
				SWIFT_EMIT_LOC_STRINGS = YES;
				SWIFT_VERSION = 5.0;
				TARGETED_DEVICE_FAMILY = 1;
			};
			name = Debug;
		};
		D15000000000000000000018 /* Release */ = {
			isa = XCBuildConfiguration;
			buildSettings = {
				ASSETCATALOG_COMPILER_APPICON_NAME = AppIcon;
				ASSETCATALOG_COMPILER_GLOBAL_ACCENT_COLOR_NAME = AccentColor;
				"CODE_SIGN_ENTITLEMENTS[sdk=iphonesimulator*]" = Discipline/Discipline.entitlements;
				CODE_SIGN_STYLE = Automatic;
				CURRENT_PROJECT_VERSION = 1;
				ENABLE_PREVIEWS = YES;
				GENERATE_INFOPLIST_FILE = YES;
				INFOPLIST_KEY_CFBundleDisplayName = Discipline;
				INFOPLIST_KEY_LSApplicationCategoryType = "public.app-category.healthcare-fitness";
				INFOPLIST_KEY_NSCameraUsageDescription = "Discipline uses the camera to capture habit evidence photos and to count exercise repetitions on your device during accountability tasks. Camera frames used for repetition counting are never uploaded.";
				INFOPLIST_KEY_UIApplicationSceneManifest_Generation = YES;
				INFOPLIST_KEY_UIApplicationSupportsIndirectInputEvents = YES;
				INFOPLIST_KEY_UILaunchScreen_Generation = YES;
				INFOPLIST_KEY_UISupportedInterfaceOrientations_iPhone = UIInterfaceOrientationPortrait;
				LD_RUNPATH_SEARCH_PATHS = (
					"$(inherited)",
					"@executable_path/Frameworks",
				);
				MARKETING_VERSION = 1.0;
				OTHER_LDFLAGS = "-ObjC";
				PRODUCT_BUNDLE_IDENTIFIER = com.eltonruhani.discipline;
				PRODUCT_NAME = "$(TARGET_NAME)";
				SUPPORTED_PLATFORMS = "iphoneos iphonesimulator";
				SUPPORTS_MACCATALYST = NO;
				SUPPORTS_MAC_DESIGNED_FOR_IPHONE_IPAD = NO;
				SWIFT_EMIT_LOC_STRINGS = YES;
				SWIFT_VERSION = 5.0;
				TARGETED_DEVICE_FAMILY = 1;
			};
			name = Release;
		};
		D1500000000000000000002E /* Debug */ = {
			isa = XCBuildConfiguration;
			buildSettings = {
				CODE_SIGN_STYLE = Automatic;
				CURRENT_PROJECT_VERSION = 1;
				GENERATE_INFOPLIST_FILE = YES;
				MARKETING_VERSION = 1.0;
				PRODUCT_BUNDLE_IDENTIFIER = com.eltonruhani.discipline.uitests;
				PRODUCT_NAME = "$(TARGET_NAME)";
				SUPPORTED_PLATFORMS = "iphoneos iphonesimulator";
				SWIFT_EMIT_LOC_STRINGS = NO;
				SWIFT_VERSION = 5.0;
				TARGETED_DEVICE_FAMILY = 1;
				TEST_TARGET_NAME = Discipline;
			};
			name = Debug;
		};
		D1500000000000000000002F /* Release */ = {
			isa = XCBuildConfiguration;
			buildSettings = {
				CODE_SIGN_STYLE = Automatic;
				CURRENT_PROJECT_VERSION = 1;
				GENERATE_INFOPLIST_FILE = YES;
				MARKETING_VERSION = 1.0;
				PRODUCT_BUNDLE_IDENTIFIER = com.eltonruhani.discipline.uitests;
				PRODUCT_NAME = "$(TARGET_NAME)";
				SUPPORTED_PLATFORMS = "iphoneos iphonesimulator";
				SWIFT_EMIT_LOC_STRINGS = NO;
				SWIFT_VERSION = 5.0;
				TARGETED_DEVICE_FAMILY = 1;
				TEST_TARGET_NAME = Discipline;
			};
			name = Release;
		};
		D15000000000000000000039 /* Debug */ = {
			isa = XCBuildConfiguration;
			buildSettings = {
				"CODE_SIGN_ENTITLEMENTS[sdk=iphonesimulator*]" = DisciplineWidget/DisciplineWidget.entitlements;
				CODE_SIGN_STYLE = Automatic;
				CURRENT_PROJECT_VERSION = 1;
				GENERATE_INFOPLIST_FILE = YES;
				INFOPLIST_FILE = DisciplineWidget/Info.plist;
				INFOPLIST_KEY_CFBundleDisplayName = Discipline;
				LD_RUNPATH_SEARCH_PATHS = (
					"$(inherited)",
					"@executable_path/Frameworks",
					"@executable_path/../../Frameworks",
				);
				MARKETING_VERSION = 1.0;
				PRODUCT_BUNDLE_IDENTIFIER = com.eltonruhani.discipline.widget;
				PRODUCT_NAME = "$(TARGET_NAME)";
				SKIP_INSTALL = YES;
				SUPPORTED_PLATFORMS = "iphoneos iphonesimulator";
				SUPPORTS_MACCATALYST = NO;
				SWIFT_EMIT_LOC_STRINGS = YES;
				SWIFT_VERSION = 5.0;
				TARGETED_DEVICE_FAMILY = 1;
			};
			name = Debug;
		};
		D1500000000000000000003A /* Release */ = {
			isa = XCBuildConfiguration;
			buildSettings = {
				"CODE_SIGN_ENTITLEMENTS[sdk=iphonesimulator*]" = DisciplineWidget/DisciplineWidget.entitlements;
				CODE_SIGN_STYLE = Automatic;
				CURRENT_PROJECT_VERSION = 1;
				GENERATE_INFOPLIST_FILE = YES;
				INFOPLIST_FILE = DisciplineWidget/Info.plist;
				INFOPLIST_KEY_CFBundleDisplayName = Discipline;
				LD_RUNPATH_SEARCH_PATHS = (
					"$(inherited)",
					"@executable_path/Frameworks",
					"@executable_path/../../Frameworks",
				);
				MARKETING_VERSION = 1.0;
				PRODUCT_BUNDLE_IDENTIFIER = com.eltonruhani.discipline.widget;
				PRODUCT_NAME = "$(TARGET_NAME)";
				SKIP_INSTALL = YES;
				SUPPORTED_PLATFORMS = "iphoneos iphonesimulator";
				SUPPORTS_MACCATALYST = NO;
				SWIFT_EMIT_LOC_STRINGS = YES;
				SWIFT_VERSION = 5.0;
				TARGETED_DEVICE_FAMILY = 1;
			};
			name = Release;
		};
/* End XCBuildConfiguration section */

/* Begin XCConfigurationList section */
		D15000000000000000000013 /* Build configuration list for PBXProject "Discipline" */ = {
			isa = XCConfigurationList;
			buildConfigurations = (
				D15000000000000000000015 /* Debug */,
				D15000000000000000000016 /* Release */,
			);
			defaultConfigurationIsVisible = 0;
			defaultConfigurationName = Release;
		};
		D15000000000000000000014 /* Build configuration list for PBXNativeTarget "Discipline" */ = {
			isa = XCConfigurationList;
			buildConfigurations = (
				D15000000000000000000017 /* Debug */,
				D15000000000000000000018 /* Release */,
			);
			defaultConfigurationIsVisible = 0;
			defaultConfigurationName = Release;
		};
		D1500000000000000000002D /* Build configuration list for PBXNativeTarget "DisciplineUITests" */ = {
			isa = XCConfigurationList;
			buildConfigurations = (
				D1500000000000000000002E /* Debug */,
				D1500000000000000000002F /* Release */,
			);
			defaultConfigurationIsVisible = 0;
			defaultConfigurationName = Release;
		};
		D15000000000000000000038 /* Build configuration list for PBXNativeTarget "DisciplineWidget" */ = {
			isa = XCConfigurationList;
			buildConfigurations = (
				D15000000000000000000039 /* Debug */,
				D1500000000000000000003A /* Release */,
			);
			defaultConfigurationIsVisible = 0;
			defaultConfigurationName = Release;
		};
/* End XCConfigurationList section */

/* Begin XCLocalSwiftPackageReference section */
		D1500000000000000000001A /* XCLocalSwiftPackageReference "Packages/DisciplineCore" */ = {
			isa = XCLocalSwiftPackageReference;
			relativePath = Packages/DisciplineCore;
		};
/* End XCLocalSwiftPackageReference section */

/* Begin XCRemoteSwiftPackageReference section */
		D15000000000000000000019 /* XCRemoteSwiftPackageReference "firebase-ios-sdk" */ = {
			isa = XCRemoteSwiftPackageReference;
			repositoryURL = "https://github.com/firebase/firebase-ios-sdk";
			requirement = {
				kind = upToNextMajorVersion;
				minimumVersion = 12.0.0;
			};
		};
/* End XCRemoteSwiftPackageReference section */

/* Begin XCSwiftPackageProductDependency section */
		D1500000000000000000001B /* DisciplineCore */ = {
			isa = XCSwiftPackageProductDependency;
			productName = DisciplineCore;
		};
		D1500000000000000000001C /* FirebaseAuth */ = {
			isa = XCSwiftPackageProductDependency;
			package = D15000000000000000000019 /* XCRemoteSwiftPackageReference "firebase-ios-sdk" */;
			productName = FirebaseAuth;
		};
		D1500000000000000000001D /* FirebaseFirestore */ = {
			isa = XCSwiftPackageProductDependency;
			package = D15000000000000000000019 /* XCRemoteSwiftPackageReference "firebase-ios-sdk" */;
			productName = FirebaseFirestore;
		};
		D1500000000000000000001E /* FirebaseStorage */ = {
			isa = XCSwiftPackageProductDependency;
			package = D15000000000000000000019 /* XCRemoteSwiftPackageReference "firebase-ios-sdk" */;
			productName = FirebaseStorage;
		};
		D1500000000000000000001F /* FirebaseFunctions */ = {
			isa = XCSwiftPackageProductDependency;
			package = D15000000000000000000019 /* XCRemoteSwiftPackageReference "firebase-ios-sdk" */;
			productName = FirebaseFunctions;
		};
		D1500000000000000000003B /* DisciplineCore */ = {
			isa = XCSwiftPackageProductDependency;
			productName = DisciplineCore;
		};
/* End XCSwiftPackageProductDependency section */
	};
	rootObject = D1500000000000000000000A /* Project object */;
}
